{
  "lockfileVersion": 1,
  "configVersion": 0,
  "workspaces": {
    "": {
      "name": "zenox",
      "dependencies": {
        "@clack/prompts": "0.11.0",
        "@opencode-ai/plugin": "1.1.25",
        "@opencode-ai/sdk": "1.1.25",
        "@typescript/native-preview": "7.0.0-dev.20260120.1",
        "commander": "14.0.2",
        "picocolors": "1.1.1",
        "strip-json-comments": "5.0.3",
        "zod": "3.24.1",
      },
      "devDependencies": {
        "bun-types": "1.3.6",
        "oxfmt": "0.24.0",
        "oxlint": "1.39.0",
        "turbo": "2.5.4",
      },
    },
    "packages/code-review": {
      "name": "@owo/code-review",
      "version": "0.1.0",
      "dependencies": {
        "@opencode-ai/plugin": "catalog:",
        "@opencode-ai/sdk": "catalog:",
        "@owo/config": "workspace:*",
      },
      "devDependencies": {
        "@typescript/native-preview": "7.0.0-dev.20260120.1",
        "bun-types": "1.3.6",
      },
    },
    "packages/config": {
      "name": "@owo/config",
      "version": "0.1.0",
      "dependencies": {
        "strip-json-comments": "catalog:",
        "zod": "catalog:",
      },
      "devDependencies": {
        "@typescript/native-preview": "7.0.0-dev.20260120.1",
        "bun-types": "1.3.6",
      },
    },
    "packages/example": {
      "name": "@owo/examples",
      "version": "0.0.0",
    },
    "packages/keyword-detector": {
      "name": "@owo/keyword-detector",
      "version": "0.1.0",
      "dependencies": {
        "@opencode-ai/plugin": "catalog:",
        "@opencode-ai/sdk": "catalog:",
        "@owo/config": "workspace:*",
      },
      "devDependencies": {
        "@typescript/native-preview": "7.0.0-dev.20260120.1",
        "bun-types": "1.3.6",
      },
    },
    "packages/orchestration": {
      "name": "@owo/orchestration",
      "version": "0.1.0",
      "dependencies": {
        "@opencode-ai/plugin": "catalog:",
        "@opencode-ai/sdk": "catalog:",
        "@owo/config": "workspace:*",
      },
      "devDependencies": {
        "@typescript/native-preview": "7.0.0-dev.20260120.1",
        "bun-types": "1.3.6",
      },
    },
    "packages/prompt-injector": {
      "name": "@owo/prompt-injector",
      "version": "0.1.0",
      "dependencies": {
        "@opencode-ai/plugin": "catalog:",
        "@opencode-ai/sdk": "catalog:",
        "@owo/config": "workspace:*",
      },
      "devDependencies": {
        "@typescript/native-preview": "7.0.0-dev.20260120.1",
        "bun-types": "1.3.6",
      },
    },
    "packages/tools": {
      "name": "@owo/tools",
      "version": "0.0.1",
      "dependencies": {
        "@owo/config": "workspace:*",
      },
      "devDependencies": {
        "zod": "^3.25.67",
      },
      "peerDependencies": {
        "@opencode-ai/plugin": "*",
        "@opencode-ai/sdk": "*",
      },
    },
  },
  "catalog": {
    "@opencode-ai/plugin": "1.1.25",
    "@opencode-ai/sdk": "1.1.25",
    "strip-json-comments": "5.0.3",
    "zod": "3.24.1",
  },
  "packages": {
    "@clack/core": ["@clack/core@0.5.0", "", { "dependencies": { "picocolors": "^1.0.0", "sisteransi": "^1.0.5" } }, "sha512-p3y0FIOwaYRUPRcMO7+dlmLh8PSRcrjuTndsiA0WAFbWES0mLZlrjVoBRZ9DzkPFJZG6KGkJmoEAY0ZcVWTkow=="],

    "@clack/prompts": ["@clack/prompts@0.11.0", "", { "dependencies": { "@clack/core": "0.5.0", "picocolors": "^1.0.0", "sisteransi": "^1.0.5" } }, "sha512-pMN5FcrEw9hUkZA4f+zLlzivQSeQf5dRGJjSUbvVYDLvpKCdQx5OaknvKzgbtXOizhP+SJJJjqEbOe55uKKfAw=="],

    "@opencode-ai/plugin": ["@opencode-ai/plugin@1.1.25", "", { "dependencies": { "@opencode-ai/sdk": "1.1.25", "zod": "4.1.8" } }, "sha512-oTUWS446H/j7z3pdzo3cOrB5N87XZ/RKdgPD8yHv/rLX92B4YQHjOqggVQ56Q+1VEnN0jxzhoqRylv/0ZEts/Q=="],

    "@opencode-ai/sdk": ["@opencode-ai/sdk@1.1.25", "", {}, "sha512-mWUX489ArEF2ICg3iZsx2VQaGS3Z2j/dwAJDacao9t7dGDzjOIaacPw2weZ10zld7XmT9V9C0PM/A5lDZ52J+w=="],

    "@owo/code-review": ["@owo/code-review@workspace:packages/code-review"],

    "@owo/config": ["@owo/config@workspace:packages/config"],

    "@owo/examples": ["@owo/examples@workspace:packages/example"],

    "@owo/keyword-detector": ["@owo/keyword-detector@workspace:packages/keyword-detector"],

    "@owo/orchestration": ["@owo/orchestration@workspace:packages/orchestration"],

    "@owo/prompt-injector": ["@owo/prompt-injector@workspace:packages/prompt-injector"],

    "@owo/tools": ["@owo/tools@workspace:packages/tools"],

    "@oxfmt/darwin-arm64": ["@oxfmt/darwin-arm64@0.24.0", "", { "os": "darwin", "cpu": "arm64" }, "sha512-aYXuGf/yq8nsyEcHindGhiz9I+GEqLkVq8CfPbd+6VE259CpPEH+CaGHEO1j6vIOmNr8KHRq+IAjeRO2uJpb8A=="],

    "@oxfmt/darwin-x64": ["@oxfmt/darwin-x64@0.24.0", "", { "os": "darwin", "cpu": "x64" }, "sha512-vs3b8Bs53hbiNvcNeBilzE/+IhDTWKjSBB3v/ztr664nZk65j0xr+5IHMBNz3CFppmX7o/aBta2PxY+t+4KoPg=="],

    "@oxfmt/linux-arm64-gnu": ["@oxfmt/linux-arm64-gnu@0.24.0", "", { "os": "linux", "cpu": "arm64" }, "sha512-ItPDOPoQ0wLj/s8osc5ch57uUcA1Wk8r0YdO8vLRpXA3UNg7KPOm1vdbkIZRRiSUphZcuX5ioOEetEK8H7RlTw=="],

    "@oxfmt/linux-arm64-musl": ["@oxfmt/linux-arm64-musl@0.24.0", "", { "os": "linux", "cpu": "arm64" }, "sha512-JkQO3WnQjQTJONx8nxdgVBfl6BBFfpp9bKhChYhWeakwJdr7QPOAWJ/v3FGZfr0TbqINwnNR74aVZayDDRyXEA=="],

    "@oxfmt/linux-x64-gnu": ["@oxfmt/linux-x64-gnu@0.24.0", "", { "os": "linux", "cpu": "x64" }, "sha512-N/SXlFO+2kak5gMt0oxApi0WXQDhwA0PShR0UbkY0PwtHjfSiDqJSOumyNqgQVoroKr1GNnoRmUqjZIz6DKIcw=="],

    "@oxfmt/linux-x64-musl": ["@oxfmt/linux-x64-musl@0.24.0", "", { "os": "linux", "cpu": "x64" }, "sha512-WM0pek5YDCQf50XQ7GLCE9sMBCMPW/NPAEPH/Hx6Qyir37lEsP4rUmSECo/QFNTU6KBc9NnsviAyJruWPpCMXw=="],

    "@oxfmt/win32-arm64": ["@oxfmt/win32-arm64@0.24.0", "", { "os": "win32", "cpu": "arm64" }, "sha512-vFCseli1KWtwdHrVlT/jWfZ8jP8oYpnPPEjI23mPLW8K/6GEJmmvy0PZP5NpWUFNTzX0lqie58XnrATJYAe9Xw=="],

    "@oxfmt/win32-x64": ["@oxfmt/win32-x64@0.24.0", "", { "os": "win32", "cpu": "x64" }, "sha512-0tmlNzcyewAnauNeBCq0xmAkmiKzl+H09p0IdHy+QKrTQdtixtf+AOjDAADbRfihkS+heF15Pjc4IyJMdAAJjw=="],

    "@oxlint/darwin-arm64": ["@oxlint/darwin-arm64@1.39.0", "", { "os": "darwin", "cpu": "arm64" }, "sha512-lT3hNhIa02xCujI6YGgjmYGg3Ht/X9ag5ipUVETaMpx5Rd4BbTNWUPif1WN1YZHxt3KLCIqaAe7zVhatv83HOQ=="],

    "@oxlint/darwin-x64": ["@oxlint/darwin-x64@1.39.0", "", { "os": "darwin", "cpu": "x64" }, "sha512-UT+rfTWd+Yr7iJeSLd/7nF8X4gTYssKh+n77hxl6Oilp3NnG1CKRHxZDy3o3lIBnwgzJkdyUAiYWO1bTMXQ1lA=="],

    "@oxlint/linux-arm64-gnu": ["@oxlint/linux-arm64-gnu@1.39.0", "", { "os": "linux", "cpu": "arm64" }, "sha512-qocBkvS2V6rH0t9AT3DfQunMnj3xkM7srs5/Ycj2j5ZqMoaWd/FxHNVJDFP++35roKSvsRJoS0mtA8/77jqm6Q=="],

    "@oxlint/linux-arm64-musl": ["@oxlint/linux-arm64-musl@1.39.0", "", { "os": "linux", "cpu": "arm64" }, "sha512-arZzAc1PPcz9epvGBBCMHICeyQloKtHX3eoOe62B3Dskn7gf6Q14wnDHr1r9Vp4vtcBATNq6HlKV14smdlC/qA=="],

    "@oxlint/linux-x64-gnu": ["@oxlint/linux-x64-gnu@1.39.0", "", { "os": "linux", "cpu": "x64" }, "sha512-ZVt5qsECpuNprdWxAPpDBwoixr1VTcZ4qAEQA2l/wmFyVPDYFD3oBY/SWACNnWBddMrswjTg9O8ALxYWoEpmXw=="],

    "@oxlint/linux-x64-musl": ["@oxlint/linux-x64-musl@1.39.0", "", { "os": "linux", "cpu": "x64" }, "sha512-pB0hlGyKPbxr9NMIV783lD6cWL3MpaqnZRM9MWni4yBdHPTKyFNYdg5hGD0Bwg+UP4S2rOevq/+OO9x9Bi7E6g=="],

    "@oxlint/win32-arm64": ["@oxlint/win32-arm64@1.39.0", "", { "os": "win32", "cpu": "arm64" }, "sha512-Gg2SFaJohI9+tIQVKXlPw3FsPQFi/eCSWiCgwPtPn5uzQxHRTeQEZKuluz1fuzR5U70TXubb2liZi4Dgl8LJQA=="],

    "@oxlint/win32-x64": ["@oxlint/win32-x64@1.39.0", "", { "os": "win32", "cpu": "x64" }, "sha512-sbi25lfj74hH+6qQtb7s1wEvd1j8OQbTaH8v3xTcDjrwm579Cyh0HBv1YSZ2+gsnVwfVDiCTL1D0JsNqYXszVA=="],

    "@types/node": ["@types/node@25.0.3", "", { "dependencies": { "undici-types": "7.16.0" } }, "sha512-W609buLVRVmeW693xKfzHeIV6nJGGz98uCPfeXI1ELMLXVeKYZ9m15fAMSaUPBHYLGFsVRcMmSCksQOrZV9BYA=="],

    "@typescript/native-preview": ["@typescript/native-preview@7.0.0-dev.20260120.1", "", { "optionalDependencies": { "@typescript/native-preview-darwin-arm64": "7.0.0-dev.20260120.1", "@typescript/native-preview-darwin-x64": "7.0.0-dev.20260120.1", "@typescript/native-preview-linux-arm": "7.0.0-dev.20260120.1", "@typescript/native-preview-linux-arm64": "7.0.0-dev.20260120.1", "@typescript/native-preview-linux-x64": "7.0.0-dev.20260120.1", "@typescript/native-preview-win32-arm64": "7.0.0-dev.20260120.1", "@typescript/native-preview-win32-x64": "7.0.0-dev.20260120.1" }, "bin": { "tsgo": "bin/tsgo.js" } }, "sha512-nnEf37C9ue7OBRnF2zmV/OCBmV5Y7T/K4mCHa+nxgiXcF/1w8sA0cgdFl+gHQ0mysqUJ+Bu5btAMeWgpLyjrgg=="],

    "@typescript/native-preview-darwin-arm64": ["@typescript/native-preview-darwin-arm64@7.0.0-dev.20260120.1", "", { "os": "darwin", "cpu": "arm64" }, "sha512-r3pWFuR2H7mn6ScwpH5jJljKQqKto0npVuJSk6pRwFwexpTyxOGmJTZJ1V0AWiisaNxU2+CNAqWFJSJYIE/QTg=="],

    "@typescript/native-preview-darwin-x64": ["@typescript/native-preview-darwin-x64@7.0.0-dev.20260120.1", "", { "os": "darwin", "cpu": "x64" }, "sha512-cuC1+wLbUP+Ip2UT94G134fqRdp5w3b3dhcCO6/FQ4yXxvRNyv/WK+upHBUFDaeSOeHgDTyO9/QFYUWwC4If1A=="],

    "@typescript/native-preview-linux-arm": ["@typescript/native-preview-linux-arm@7.0.0-dev.20260120.1", "", { "os": "linux", "cpu": "arm" }, "sha512-vN6OYVySol/kQZjJGmAzd6L30SyVlCgmCXS8WjUYtE5clN0YrzQHop16RK29fYZHMxpkOniVBtRPxUYQANZBlQ=="],

    "@typescript/native-preview-linux-arm64": ["@typescript/native-preview-linux-arm64@7.0.0-dev.20260120.1", "", { "os": "linux", "cpu": "arm64" }, "sha512-zZGvEGY7wcHYefMZ87KNmvjN3NLIhsCMHEpHZiGCS3khKf+8z6ZsanrzCjOTodvL01VPyBzHxV1EtkSxAcLiQg=="],

    "@typescript/native-preview-linux-x64": ["@typescript/native-preview-linux-x64@7.0.0-dev.20260120.1", "", { "os": "linux", "cpu": "x64" }, "sha512-JBfNhWd/asd5MDeS3VgRvE24pGKBkmvLub6tsux6ypr+Yhy+o0WaAEzVpmlRYZUqss2ai5tvOu4dzPBXzZAtFw=="],

    "@typescript/native-preview-win32-arm64": ["@typescript/native-preview-win32-arm64@7.0.0-dev.20260120.1", "", { "os": "win32", "cpu": "arm64" }, "sha512-tTndRtYCq2xwgE0VkTi9ACNiJaV43+PqvBqCxk8ceYi3X36Ve+CCnwlZfZJ4k9NxZthtrAwF/kUmpC9iIYbq1w=="],

    "@typescript/native-preview-win32-x64": ["@typescript/native-preview-win32-x64@7.0.0-dev.20260120.1", "", { "os": "win32", "cpu": "x64" }, "sha512-oZia7hFL6k9pVepfonuPI86Jmyz6WlJKR57tWCDwRNmpA7odxuTq1PbvcYgy1z4+wHF1nnKKJY0PMAiq6ac18w=="],

    "bun-types": ["bun-types@1.3.6", "", { "dependencies": { "@types/node": "*" } }, "sha512-OlFwHcnNV99r//9v5IIOgQ9Uk37gZqrNMCcqEaExdkVq3Avwqok1bJFmvGMCkCE0FqzdY8VMOZpfpR3lwI+CsQ=="],

    "commander": ["commander@14.0.2", "", {}, "sha512-TywoWNNRbhoD0BXs1P3ZEScW8W5iKrnbithIl0YH+uCmBd0QpPOA8yc82DS3BIE5Ma6FnBVUsJ7wVUDz4dvOWQ=="],

    "oxfmt": ["oxfmt@0.24.0", "", { "dependencies": { "tinypool": "2.0.0" }, "optionalDependencies": { "@oxfmt/darwin-arm64": "0.24.0", "@oxfmt/darwin-x64": "0.24.0", "@oxfmt/linux-arm64-gnu": "0.24.0", "@oxfmt/linux-arm64-musl": "0.24.0", "@oxfmt/linux-x64-gnu": "0.24.0", "@oxfmt/linux-x64-musl": "0.24.0", "@oxfmt/win32-arm64": "0.24.0", "@oxfmt/win32-x64": "0.24.0" }, "bin": { "oxfmt": "bin/oxfmt" } }, "sha512-UjeM3Peez8Tl7IJ9s5UwAoZSiDRMww7BEc21gDYxLq3S3/KqJnM3mjNxsoSHgmBvSeX6RBhoVc2MfC/+96RdSw=="],

    "oxlint": ["oxlint@1.39.0", "", { "optionalDependencies": { "@oxlint/darwin-arm64": "1.39.0", "@oxlint/darwin-x64": "1.39.0", "@oxlint/linux-arm64-gnu": "1.39.0", "@oxlint/linux-arm64-musl": "1.39.0", "@oxlint/linux-x64-gnu": "1.39.0", "@oxlint/linux-x64-musl": "1.39.0", "@oxlint/win32-arm64": "1.39.0", "@oxlint/win32-x64": "1.39.0" }, "peerDependencies": { "oxlint-tsgolint": ">=0.10.0" }, "optionalPeers": ["oxlint-tsgolint"], "bin": { "oxlint": "bin/oxlint" } }, "sha512-wSiLr0wjG+KTU6c1LpVoQk7JZ7l8HCKlAkVDVTJKWmCGazsNxexxnOXl7dsar92mQcRnzko5g077ggP3RINSjA=="],

    "picocolors": ["picocolors@1.1.1", "", {}, "sha512-xceH2snhtb5M9liqDsmEw56le376mTZkEX/jEb/RxNFyegNul7eNslCXP9FDj/Lcu0X8KEyMceP2ntpaHrDEVA=="],

    "sisteransi": ["sisteransi@1.0.5", "", {}, "sha512-bLGGlR1QxBcynn2d5YmDX4MGjlZvy2MRBDRNHLJ8VI6l6+9FUiyTFNJ0IveOSP0bcXgVDPRcfGqA0pjaqUpfVg=="],

    "strip-json-comments": ["strip-json-comments@5.0.3", "", {}, "sha512-1tB5mhVo7U+ETBKNf92xT4hrQa3pm0MZ0PQvuDnWgAAGHDsfp4lPSpiS6psrSiet87wyGPh9ft6wmhOMQ0hDiw=="],

    "tinypool": ["tinypool@2.0.0", "", {}, "sha512-/RX9RzeH2xU5ADE7n2Ykvmi9ED3FBGPAjw9u3zucrNNaEBIO0HPSYgL0NT7+3p147ojeSdaVu08F6hjpv31HJg=="],

    "turbo": ["turbo@2.5.4", "", { "optionalDependencies": { "turbo-darwin-64": "2.5.4", "turbo-darwin-arm64": "2.5.4", "turbo-linux-64": "2.5.4", "turbo-linux-arm64": "2.5.4", "turbo-windows-64": "2.5.4", "turbo-windows-arm64": "2.5.4" }, "bin": { "turbo": "bin/turbo" } }, "sha512-kc8ZibdRcuWUG1pbYSBFWqmIjynlD8Lp7IB6U3vIzvOv9VG+6Sp8bzyeBWE3Oi8XV5KsQrznyRTBPvrf99E4mA=="],

    "turbo-darwin-64": ["turbo-darwin-64@2.5.4", "", { "os": "darwin", "cpu": "x64" }, "sha512-ah6YnH2dErojhFooxEzmvsoZQTMImaruZhFPfMKPBq8sb+hALRdvBNLqfc8NWlZq576FkfRZ/MSi4SHvVFT9PQ=="],

    "turbo-darwin-arm64": ["turbo-darwin-arm64@2.5.4", "", { "os": "darwin", "cpu": "arm64" }, "sha512-2+Nx6LAyuXw2MdXb7pxqle3MYignLvS7OwtsP9SgtSBaMlnNlxl9BovzqdYAgkUW3AsYiQMJ/wBRb7d+xemM5A=="],

    "turbo-linux-64": ["turbo-linux-64@2.5.4", "", { "os": "linux", "cpu": "x64" }, "sha512-5May2kjWbc8w4XxswGAl74GZ5eM4Gr6IiroqdLhXeXyfvWEdm2mFYCSWOzz0/z5cAgqyGidF1jt1qzUR8hTmOA=="],

    "turbo-linux-arm64": ["turbo-linux-arm64@2.5.4", "", { "os": "linux", "cpu": "arm64" }, "sha512-/2yqFaS3TbfxV3P5yG2JUI79P7OUQKOUvAnx4MV9Bdz6jqHsHwc9WZPpO4QseQm+NvmgY6ICORnoVPODxGUiJg=="],

    "turbo-windows-64": ["turbo-windows-64@2.5.4", "", { "os": "win32", "cpu": "x64" }, "sha512-EQUO4SmaCDhO6zYohxIjJpOKRN3wlfU7jMAj3CgcyTPvQR/UFLEKAYHqJOnJtymbQmiiM/ihX6c6W6Uq0yC7mA=="],

    "turbo-windows-arm64": ["turbo-windows-arm64@2.5.4", "", { "os": "win32", "cpu": "arm64" }, "sha512-oQ8RrK1VS8lrxkLriotFq+PiF7iiGgkZtfLKF4DDKsmdbPo0O9R2mQxm7jHLuXraRCuIQDWMIw6dpcr7Iykf4A=="],

    "undici-types": ["undici-types@7.16.0", "", {}, "sha512-Zz+aZWSj8LE6zoxD+xrjh4VfkIG8Ya6LvYkZqtUQGJPZjYl53ypCaUwWqo7eI0x66KBGeRo+mlBEkMSeSZ38Nw=="],

    "zod": ["zod@3.24.1", "", {}, "sha512-muH7gBL9sI1nciMZV67X5fTKKBLtwpZ5VBp1vsOQzj1MhrBZ4wlVCm3gedKZWLp0Oyel8sIGfeiz54Su+OVT+A=="],

    "@opencode-ai/plugin/zod": ["zod@4.1.8", "", {}, "sha512-5R1P+WwQqmmMIEACyzSvo4JXHY5WiAFHRMg+zBZKgKS+Q1viRa0C1hmUKtHltoIFKtIdki3pRxkmpP74jnNYHQ=="],

    "@owo/tools/zod": ["zod@3.25.76", "", {}, "sha512-gzUt/qt81nXsFGKIFcC3YnfEAx5NkunCfnDlvuBSSFS02bcXu4Lmea0AFIUwbLWxWPx3d9p8S5QoaujKcNQxcQ=="],
  }
}
