{
  "lockfileVersion": 1,
  "configVersion": 0,
  "workspaces": {
    "": {
      "name": "zenox",
      "devDependencies": {
        "bun-scan": "1.1.0",
        "oxfmt": "0.27.0",
        "oxlint": "1.42.0",
        "turbo": "2.8.0",
      },
    },
    "packages/code-review": {
      "name": "@owo/code-review",
      "version": "0.1.0",
      "dependencies": {
        "@opencode-ai/plugin": "catalog:",
        "@opencode-ai/sdk": "catalog:",
        "@owo/config": "workspace:*",
      },
      "devDependencies": {
        "@types/bun": "catalog:",
        "@typescript/native-preview": "catalog:",
      },
    },
    "packages/config": {
      "name": "@owo/config",
      "version": "0.1.0",
      "dependencies": {
        "strip-json-comments": "catalog:",
        "zod": "catalog:",
      },
      "devDependencies": {
        "@types/bun": "catalog:",
        "@typescript/native-preview": "catalog:",
      },
    },
    "packages/example": {
      "name": "@owo/examples",
      "version": "0.0.0",
    },
    "packages/keyword-detector": {
      "name": "@owo/keyword-detector",
      "version": "0.1.0",
      "dependencies": {
        "@opencode-ai/plugin": "catalog:",
        "@opencode-ai/sdk": "catalog:",
        "@owo/config": "workspace:*",
      },
      "devDependencies": {
        "@types/bun": "catalog:",
        "@typescript/native-preview": "catalog:",
      },
    },
    "packages/orchestration": {
      "name": "@owo/orchestration",
      "version": "0.1.0",
      "dependencies": {
        "@opencode-ai/plugin": "catalog:",
        "@opencode-ai/sdk": "catalog:",
        "@owo/config": "workspace:*",
      },
      "devDependencies": {
        "@types/bun": "catalog:",
        "@typescript/native-preview": "catalog:",
      },
    },
    "packages/pr-review": {
      "name": "@owo/pr-review",
      "version": "0.1.0",
      "bin": {
        "owo-review": "./dist/index.js",
      },
      "dependencies": {
        "@octokit/graphql": "8.2.2",
        "@octokit/rest": "21.1.1",
        "@opencode-ai/sdk": "catalog:",
        "parse-diff": "0.11.1",
        "ts-pattern": "5.9.0",
        "zod": "catalog:",
      },
      "devDependencies": {
        "@types/bun": "catalog:",
        "@typescript/native-preview": "catalog:",
      },
    },
    "packages/prompt-injector": {
      "name": "@owo/prompt-injector",
      "version": "0.1.0",
      "dependencies": {
        "@opencode-ai/plugin": "catalog:",
        "@opencode-ai/sdk": "catalog:",
        "@owo/config": "workspace:*",
      },
      "devDependencies": {
        "@types/bun": "catalog:",
        "@typescript/native-preview": "catalog:",
      },
    },
    "packages/skill-runner": {
      "name": "@owo/skill-runner",
      "version": "0.1.0",
      "dependencies": {
        "@opencode-ai/plugin": "catalog:",
        "@opencode-ai/sdk": "catalog:",
        "@owo/config": "workspace:*",
      },
      "devDependencies": {
        "@types/bun": "catalog:",
        "@typescript/native-preview": "catalog:",
      },
    },
    "packages/tools": {
      "name": "@owo/tools",
      "version": "0.0.1",
      "dependencies": {
        "@owo/config": "workspace:*",
      },
      "devDependencies": {
        "@types/bun": "catalog:",
        "@typescript/native-preview": "catalog:",
        "zod": "catalog:",
      },
      "peerDependencies": {
        "@opencode-ai/plugin": "catalog:",
        "@opencode-ai/sdk": "catalog:",
      },
    },
  },
  "catalog": {
    "@opencode-ai/plugin": "1.1.40",
    "@opencode-ai/sdk": "1.1.40",
    "@types/bun": "1.3.7",
    "@typescript/native-preview": "7.0.0-dev.20260128.1",
    "strip-json-comments": "5.0.3",
    "zod": "4.3.6",
  },
  "packages": {
    "@octokit/auth-token": ["@octokit/auth-token@5.1.2", "", {}, "sha512-JcQDsBdg49Yky2w2ld20IHAlwr8d/d8N6NiOXbtuoPCqzbsiJgF633mVUw3x4mo0H5ypataQIX7SFu3yy44Mpw=="],

    "@octokit/core": ["@octokit/core@6.1.6", "", { "dependencies": { "@octokit/auth-token": "^5.0.0", "@octokit/graphql": "^8.2.2", "@octokit/request": "^9.2.3", "@octokit/request-error": "^6.1.8", "@octokit/types": "^14.0.0", "before-after-hook": "^3.0.2", "universal-user-agent": "^7.0.0" } }, "sha512-kIU8SLQkYWGp3pVKiYzA5OSaNF5EE03P/R8zEmmrG6XwOg5oBjXyQVVIauQ0dgau4zYhpZEhJrvIYt6oM+zZZA=="],

    "@octokit/endpoint": ["@octokit/endpoint@10.1.4", "", { "dependencies": { "@octokit/types": "^14.0.0", "universal-user-agent": "^7.0.2" } }, "sha512-OlYOlZIsfEVZm5HCSR8aSg02T2lbUWOsCQoPKfTXJwDzcHQBrVBGdGXb89dv2Kw2ToZaRtudp8O3ZIYoaOjKlA=="],

    "@octokit/graphql": ["@octokit/graphql@8.2.2", "", { "dependencies": { "@octokit/request": "^9.2.3", "@octokit/types": "^14.0.0", "universal-user-agent": "^7.0.0" } }, "sha512-Yi8hcoqsrXGdt0yObxbebHXFOiUA+2v3n53epuOg1QUgOB6c4XzvisBNVXJSl8RYA5KrDuSL2yq9Qmqe5N0ryA=="],

    "@octokit/openapi-types": ["@octokit/openapi-types@25.1.0", "", {}, "sha512-idsIggNXUKkk0+BExUn1dQ92sfysJrje03Q0bv0e+KPLrvyqZF8MnBpFz8UNfYDwB3Ie7Z0TByjWfzxt7vseaA=="],

    "@octokit/plugin-paginate-rest": ["@octokit/plugin-paginate-rest@11.6.0", "", { "dependencies": { "@octokit/types": "^13.10.0" }, "peerDependencies": { "@octokit/core": ">=6" } }, "sha512-n5KPteiF7pWKgBIBJSk8qzoZWcUkza2O6A0za97pMGVrGfPdltxrfmfF5GucHYvHGZD8BdaZmmHGz5cX/3gdpw=="],

    "@octokit/plugin-request-log": ["@octokit/plugin-request-log@5.3.1", "", { "peerDependencies": { "@octokit/core": ">=6" } }, "sha512-n/lNeCtq+9ofhC15xzmJCNKP2BWTv8Ih2TTy+jatNCCq/gQP/V7rK3fjIfuz0pDWDALO/o/4QY4hyOF6TQQFUw=="],

    "@octokit/plugin-rest-endpoint-methods": ["@octokit/plugin-rest-endpoint-methods@13.5.0", "", { "dependencies": { "@octokit/types": "^13.10.0" }, "peerDependencies": { "@octokit/core": ">=6" } }, "sha512-9Pas60Iv9ejO3WlAX3maE1+38c5nqbJXV5GrncEfkndIpZrJ/WPMRd2xYDcPPEt5yzpxcjw9fWNoPhsSGzqKqw=="],

    "@octokit/request": ["@octokit/request@9.2.4", "", { "dependencies": { "@octokit/endpoint": "^10.1.4", "@octokit/request-error": "^6.1.8", "@octokit/types": "^14.0.0", "fast-content-type-parse": "^2.0.0", "universal-user-agent": "^7.0.2" } }, "sha512-q8ybdytBmxa6KogWlNa818r0k1wlqzNC+yNkcQDECHvQo8Vmstrg18JwqJHdJdUiHD2sjlwBgSm9kHkOKe2iyA=="],

    "@octokit/request-error": ["@octokit/request-error@6.1.8", "", { "dependencies": { "@octokit/types": "^14.0.0" } }, "sha512-WEi/R0Jmq+IJKydWlKDmryPcmdYSVjL3ekaiEL1L9eo1sUnqMJ+grqmC9cjk7CA7+b2/T397tO5d8YLOH3qYpQ=="],

    "@octokit/rest": ["@octokit/rest@21.1.1", "", { "dependencies": { "@octokit/core": "^6.1.4", "@octokit/plugin-paginate-rest": "^11.4.2", "@octokit/plugin-request-log": "^5.3.1", "@octokit/plugin-rest-endpoint-methods": "^13.3.0" } }, "sha512-sTQV7va0IUVZcntzy1q3QqPm/r8rWtDCqpRAmb8eXXnKkjoQEtFe3Nt5GTVsHft+R6jJoHeSiVLcgcvhtue/rg=="],

    "@octokit/types": ["@octokit/types@14.1.0", "", { "dependencies": { "@octokit/openapi-types": "^25.1.0" } }, "sha512-1y6DgTy8Jomcpu33N+p5w58l6xyt55Ar2I91RPiIA0xCJBXyUAhXCcmZaDWSANiha7R9a6qJJ2CRomGPZ6f46g=="],

    "@opencode-ai/plugin": ["@opencode-ai/plugin@1.1.40", "", { "dependencies": { "@opencode-ai/sdk": "1.1.40", "zod": "4.1.8" } }, "sha512-smzF8sHg/nx1DUAmGqh4pW6tQi/kvQ9l2RsZe6ig+PWxd40vA3PKa59No2Cib9ZvHLSnEfNsmeVuZfYlWDL1lQ=="],

    "@opencode-ai/sdk": ["@opencode-ai/sdk@1.1.40", "", {}, "sha512-WBSe7FXsUyAjYiQQQTDjQi/vG3yrfGQTQoJbHd/vQiwsNwEB8uAZ07eviez61QxPaf43cAJR+I2pJQid5aepEQ=="],

    "@owo/code-review": ["@owo/code-review@workspace:packages/code-review"],

    "@owo/config": ["@owo/config@workspace:packages/config"],

    "@owo/examples": ["@owo/examples@workspace:packages/example"],

    "@owo/keyword-detector": ["@owo/keyword-detector@workspace:packages/keyword-detector"],

    "@owo/orchestration": ["@owo/orchestration@workspace:packages/orchestration"],

    "@owo/pr-review": ["@owo/pr-review@workspace:packages/pr-review"],

    "@owo/prompt-injector": ["@owo/prompt-injector@workspace:packages/prompt-injector"],

    "@owo/skill-runner": ["@owo/skill-runner@workspace:packages/skill-runner"],

    "@owo/tools": ["@owo/tools@workspace:packages/tools"],

    "@oxfmt/darwin-arm64": ["@oxfmt/darwin-arm64@0.27.0", "", { "os": "darwin", "cpu": "arm64" }, "sha512-3vwqyzNlVTVFVzHMlrqxb4tgVgHp6FYS0uIxsIZ/SeEDG0azaqiOw/2t8LlJ9f72PKRLWSey+Ak99tiKgpbsnQ=="],

    "@oxfmt/darwin-x64": ["@oxfmt/darwin-x64@0.27.0", "", { "os": "darwin", "cpu": "x64" }, "sha512-5u8mZVLm70v6l1wLZ2MmeNIEzGsruwKw5F7duePzpakPfxGtLpiFNUwe4aBUJULTP6aMzH+A4dA0JOn8lb7Luw=="],

    "@oxfmt/linux-arm64-gnu": ["@oxfmt/linux-arm64-gnu@0.27.0", "", { "os": "linux", "cpu": "arm64" }, "sha512-aql/LLYriX/5Ar7o5Qivnp/qMTUPNiOCr7cFLvmvzYZa3XL0H8XtbKUfIVm+9ILR0urXQzcml+L8pLe1p8sgEg=="],

    "@oxfmt/linux-arm64-musl": ["@oxfmt/linux-arm64-musl@0.27.0", "", { "os": "linux", "cpu": "arm64" }, "sha512-6u/kNb7hubthg4u/pn3MK/GJLwPgjDvDDnjjr7TC0/OK/xztef8ToXmycxIQ9OeDNIJJf7Z0Ss/rHnKvQOWzRw=="],

    "@oxfmt/linux-x64-gnu": ["@oxfmt/linux-x64-gnu@0.27.0", "", { "os": "linux", "cpu": "x64" }, "sha512-EhvDfFHO1yrK/Cu75eU1U828lBsW2cV0JITOrka5AjR3PlmnQQ03Mr9ROkWkbPmzAMklXI4Q16eO+4n+7FhS1w=="],

    "@oxfmt/linux-x64-musl": ["@oxfmt/linux-x64-musl@0.27.0", "", { "os": "linux", "cpu": "x64" }, "sha512-1pgjuwMT5sCekuteYZ7LkDsto7DJouaccwjozHqdWohSj2zJpFeSP2rMaC+6JJ1KD5r9HG9sWRuHZGEaoX9uOw=="],

    "@oxfmt/win32-arm64": ["@oxfmt/win32-arm64@0.27.0", "", { "os": "win32", "cpu": "arm64" }, "sha512-mmuEhXZEhAYAeyjVTWwGKIA3RSb2b/He9wrXkDJPhmqp8qISUzkVg1dQmLEt4hD+wI5rzR+6vchPt521tzuRDA=="],

    "@oxfmt/win32-x64": ["@oxfmt/win32-x64@0.27.0", "", { "os": "win32", "cpu": "x64" }, "sha512-cXKVkL1DuRq31QjwHqtBEUztyBmM9YZKdeFhsDLBURNdk1CFW42uWsmTsaqrXSoiCj7nCjfP0pwTOzxhQZra/A=="],

    "@oxlint/darwin-arm64": ["@oxlint/darwin-arm64@1.42.0", "", { "os": "darwin", "cpu": "arm64" }, "sha512-ui5CdAcDsXPQwZQEXOOSWsilJWhgj9jqHCvYBm2tDE8zfwZZuF9q58+hGKH1x5y0SV4sRlyobB2Quq6uU6EgeA=="],

    "@oxlint/darwin-x64": ["@oxlint/darwin-x64@1.42.0", "", { "os": "darwin", "cpu": "x64" }, "sha512-wo0M/hcpHRv7vFje99zHHqheOhVEwUOKjOgBKyi0M99xcLizv04kcSm1rTd6HSCeZgOtiJYZRVAlKhQOQw2byQ=="],

    "@oxlint/linux-arm64-gnu": ["@oxlint/linux-arm64-gnu@1.42.0", "", { "os": "linux", "cpu": "arm64" }, "sha512-j4QzfCM8ks+OyM+KKYWDiBEQsm5RCW50H1Wz16wUyoFsobJ+X5qqcJxq6HvkE07m8euYmZelyB0WqsiDoz1v8g=="],

    "@oxlint/linux-arm64-musl": ["@oxlint/linux-arm64-musl@1.42.0", "", { "os": "linux", "cpu": "arm64" }, "sha512-g5b1Uw7zo6yw4Ymzyd1etKzAY7xAaGA3scwB8tAp3QzuY7CYdfTwlhiLKSAKbd7T/JBgxOXAGNcLDorJyVTXcg=="],

    "@oxlint/linux-x64-gnu": ["@oxlint/linux-x64-gnu@1.42.0", "", { "os": "linux", "cpu": "x64" }, "sha512-HnD99GD9qAbpV4q9iQil7mXZUJFpoBdDavfcC2CgGLPlawfcV5COzQPNwOgvPVkr7C0cBx6uNCq3S6r9IIiEIg=="],

    "@oxlint/linux-x64-musl": ["@oxlint/linux-x64-musl@1.42.0", "", { "os": "linux", "cpu": "x64" }, "sha512-8NTe8A78HHFn+nBi+8qMwIjgv9oIBh+9zqCPNLH56ah4vKOPvbePLI6NIv9qSkmzrBuu8SB+FJ2TH/G05UzbNA=="],

    "@oxlint/win32-arm64": ["@oxlint/win32-arm64@1.42.0", "", { "os": "win32", "cpu": "arm64" }, "sha512-lAPS2YAuu+qFqoTNPFcNsxXjwSV0M+dOgAzzVTAN7Yo2ifj+oLOx0GsntWoM78PvQWI7Q827ZxqtU2ImBmDapA=="],

    "@oxlint/win32-x64": ["@oxlint/win32-x64@1.42.0", "", { "os": "win32", "cpu": "x64" }, "sha512-3/KmyUOHNriL6rLpaFfm9RJxdhpXY2/Ehx9UuorJr2pUA+lrZL15FAEx/DOszYm5r10hfzj40+efAHcCilNvSQ=="],

    "@types/bun": ["@types/bun@1.3.7", "", { "dependencies": { "bun-types": "1.3.7" } }, "sha512-lmNuMda+Z9b7tmhA0tohwy8ZWFSnmQm1UDWXtH5r9F7wZCfkeO3Jx7wKQ1EOiKq43yHts7ky6r8SDJQWRNupkA=="],

    "@types/node": ["@types/node@25.0.3", "", { "dependencies": { "undici-types": "7.16.0" } }, "sha512-W609buLVRVmeW693xKfzHeIV6nJGGz98uCPfeXI1ELMLXVeKYZ9m15fAMSaUPBHYLGFsVRcMmSCksQOrZV9BYA=="],

    "@typescript/native-preview": ["@typescript/native-preview@7.0.0-dev.20260128.1", "", { "optionalDependencies": { "@typescript/native-preview-darwin-arm64": "7.0.0-dev.20260128.1", "@typescript/native-preview-darwin-x64": "7.0.0-dev.20260128.1", "@typescript/native-preview-linux-arm": "7.0.0-dev.20260128.1", "@typescript/native-preview-linux-arm64": "7.0.0-dev.20260128.1", "@typescript/native-preview-linux-x64": "7.0.0-dev.20260128.1", "@typescript/native-preview-win32-arm64": "7.0.0-dev.20260128.1", "@typescript/native-preview-win32-x64": "7.0.0-dev.20260128.1" }, "bin": { "tsgo": "bin/tsgo.js" } }, "sha512-P7JZ3NpFdH1FqA8TbAKTsufOvykywFAW36H+3ZzUo9PRz/wmTPGkzn/CQ1QM2/YqxWwqLkU96CLeh8onIpj4nw=="],

    "@typescript/native-preview-darwin-arm64": ["@typescript/native-preview-darwin-arm64@7.0.0-dev.20260128.1", "", { "os": "darwin", "cpu": "arm64" }, "sha512-rPyH+d+M8NnYA9FOOB9xPtllB2jtDiB7vnLDGYVjE7y8j3XNMEHFYlwoZ5HLS2yLCgwmmcmEUgurJX94V9Iqeg=="],

    "@typescript/native-preview-darwin-x64": ["@typescript/native-preview-darwin-x64@7.0.0-dev.20260128.1", "", { "os": "darwin", "cpu": "x64" }, "sha512-8zVZNktu8n6+kvWp9x6vb4J2uD51q58mB497ki0Fxf1q2WPTsPFjBUanFZc8K5hltmaoijF1214lN/KNmhVSqg=="],

    "@typescript/native-preview-linux-arm": ["@typescript/native-preview-linux-arm@7.0.0-dev.20260128.1", "", { "os": "linux", "cpu": "arm" }, "sha512-ZOKLNjuT5QFkbuJvS3cBTruV22gAllWRqhgFaMYIorT7WcTzEci2S5RfEz1NzYPYZeY4vJssMmr/O8wdPoMpMA=="],

    "@typescript/native-preview-linux-arm64": ["@typescript/native-preview-linux-arm64@7.0.0-dev.20260128.1", "", { "os": "linux", "cpu": "arm64" }, "sha512-xcf3OW/bh6gA+urfG3ofHnfIBhKSqHtFolk2Akd/ZGLiUJik4mimhwlrqx9qus8tGFI3BepdCgfSNhW61fTrhw=="],

    "@typescript/native-preview-linux-x64": ["@typescript/native-preview-linux-x64@7.0.0-dev.20260128.1", "", { "os": "linux", "cpu": "x64" }, "sha512-qr9gTFYXCS83Sro+rBnw3fZIPRMBR9j/9FS5KtPRBOqn4jpiAR64CAE1NDHtTIBYwgPbpd6kvt8Ay5c+S4zxPQ=="],

    "@typescript/native-preview-win32-arm64": ["@typescript/native-preview-win32-arm64@7.0.0-dev.20260128.1", "", { "os": "win32", "cpu": "arm64" }, "sha512-8Ke5A+MNaiUqaX6nEDpXXmQqfQBBq4CtN6mGEQs5a5QCnyqcnjy13QlJuCxzRd/nvob7lWIxR6kz43Fdn8l5ig=="],

    "@typescript/native-preview-win32-x64": ["@typescript/native-preview-win32-x64@7.0.0-dev.20260128.1", "", { "os": "win32", "cpu": "x64" }, "sha512-+r0hFY/fnQUY5z3lcVNWz5j2G2RBxkQVzRAvbQyl2esGt0scy/6dPeP/PrvHFADWoVJkV9DTSBhbmsJfL1inKw=="],

    "before-after-hook": ["before-after-hook@3.0.2", "", {}, "sha512-Nik3Sc0ncrMK4UUdXQmAnRtzmNQTAAXmXIopizwZ1W1t8QmfJj+zL4OA2I7XPTPW5z5TDqv4hRo/JzouDJnX3A=="],

    "bun-scan": ["bun-scan@1.1.0", "", { "dependencies": { "zod": "4.3.5" }, "bin": { "bun-scan": "dist/cli.js" } }, "sha512-2u+uicSSiHm5BQkF97zKMb3KtWLZyTnF7SZQ3IMNQDFYTUyjJwQkDpU4fGQ0BBOs6Uj4VtNtNoAR15v67sxnZA=="],

    "bun-types": ["bun-types@1.3.7", "", { "dependencies": { "@types/node": "*" } }, "sha512-qyschsA03Qz+gou+apt6HNl6HnI+sJJLL4wLDke4iugsE6584CMupOtTY1n+2YC9nGVrEKUlTs99jjRLKgWnjQ=="],

    "fast-content-type-parse": ["fast-content-type-parse@2.0.1", "", {}, "sha512-nGqtvLrj5w0naR6tDPfB4cUmYCqouzyQiz6C5y/LtcDllJdrcc6WaWW6iXyIIOErTa/XRybj28aasdn4LkVk6Q=="],

    "oxfmt": ["oxfmt@0.27.0", "", { "dependencies": { "tinypool": "2.0.0" }, "optionalDependencies": { "@oxfmt/darwin-arm64": "0.27.0", "@oxfmt/darwin-x64": "0.27.0", "@oxfmt/linux-arm64-gnu": "0.27.0", "@oxfmt/linux-arm64-musl": "0.27.0", "@oxfmt/linux-x64-gnu": "0.27.0", "@oxfmt/linux-x64-musl": "0.27.0", "@oxfmt/win32-arm64": "0.27.0", "@oxfmt/win32-x64": "0.27.0" }, "bin": { "oxfmt": "bin/oxfmt" } }, "sha512-FHR0HR3WeMKBuVEQvW3EeiRZXs/cQzNHxGbhCoAIEPr1FVcOa9GCqrKJXPqv2jkzmCg6Wqot+DvN9RzemyFJhw=="],

    "oxlint": ["oxlint@1.42.0", "", { "optionalDependencies": { "@oxlint/darwin-arm64": "1.42.0", "@oxlint/darwin-x64": "1.42.0", "@oxlint/linux-arm64-gnu": "1.42.0", "@oxlint/linux-arm64-musl": "1.42.0", "@oxlint/linux-x64-gnu": "1.42.0", "@oxlint/linux-x64-musl": "1.42.0", "@oxlint/win32-arm64": "1.42.0", "@oxlint/win32-x64": "1.42.0" }, "peerDependencies": { "oxlint-tsgolint": ">=0.11.2" }, "optionalPeers": ["oxlint-tsgolint"], "bin": { "oxlint": "bin/oxlint" } }, "sha512-qnspC/lrp8FgKNaONLLn14dm+W5t0SSlus6V5NJpgI2YNT1tkFYZt4fBf14ESxf9AAh98WBASnW5f0gtw462Lg=="],

    "parse-diff": ["parse-diff@0.11.1", "", {}, "sha512-Oq4j8LAOPOcssanQkIjxosjATBIEJhCxMCxPhMu+Ci4wdNmAEdx0O+a7gzbR2PyKXgKPvRLIN5g224+dJAsKHA=="],

    "strip-json-comments": ["strip-json-comments@5.0.3", "", {}, "sha512-1tB5mhVo7U+ETBKNf92xT4hrQa3pm0MZ0PQvuDnWgAAGHDsfp4lPSpiS6psrSiet87wyGPh9ft6wmhOMQ0hDiw=="],

    "tinypool": ["tinypool@2.0.0", "", {}, "sha512-/RX9RzeH2xU5ADE7n2Ykvmi9ED3FBGPAjw9u3zucrNNaEBIO0HPSYgL0NT7+3p147ojeSdaVu08F6hjpv31HJg=="],

    "ts-pattern": ["ts-pattern@5.9.0", "", {}, "sha512-6s5V71mX8qBUmlgbrfL33xDUwO0fq48rxAu2LBE11WBeGdpCPOsXksQbZJHvHwhrd3QjUusd3mAOM5Gg0mFBLg=="],

    "turbo": ["turbo@2.8.0", "", { "optionalDependencies": { "turbo-darwin-64": "2.8.0", "turbo-darwin-arm64": "2.8.0", "turbo-linux-64": "2.8.0", "turbo-linux-arm64": "2.8.0", "turbo-windows-64": "2.8.0", "turbo-windows-arm64": "2.8.0" }, "bin": { "turbo": "bin/turbo" } }, "sha512-hYbxnLEdvJF+DLALS+Ia+PbfNtn0sDP0hH2u9AFoskSUDmcVHSrtwHpzdX94MrRJKo9D9tYxY3MyP20gnlrWyA=="],

    "turbo-darwin-64": ["turbo-darwin-64@2.8.0", "", { "os": "darwin", "cpu": "x64" }, "sha512-N7f4PYqz25yk8c5kituk09bJ89tE4wPPqKXgYccT6nbEQnGnrdvlyCHLyqViNObTgjjrddqjb1hmDkv7VcxE0g=="],

    "turbo-darwin-arm64": ["turbo-darwin-arm64@2.8.0", "", { "os": "darwin", "cpu": "arm64" }, "sha512-eVzejaP5fn51gmJAPW68U6mSjFaAZ26rPiE36mMdk+tMC4XBGmJHT/fIgrhcrXMvINCl27RF8VmguRe+MBlSuQ=="],

    "turbo-linux-64": ["turbo-linux-64@2.8.0", "", { "os": "linux", "cpu": "x64" }, "sha512-ILR45zviYae3icf4cmUISdj8X17ybNcMh3Ms4cRdJF5sS50qDDTv8qeWqO/lPeHsu6r43gVWDofbDZYVuXYL7Q=="],

    "turbo-linux-arm64": ["turbo-linux-arm64@2.8.0", "", { "os": "linux", "cpu": "arm64" }, "sha512-z9pUa8ENFuHmadPfjEYMRWlXO82t1F/XBDx2XTg+cWWRZHf85FnEB6D4ForJn/GoKEEvwdPhFLzvvhOssom2ug=="],

    "turbo-windows-64": ["turbo-windows-64@2.8.0", "", { "os": "win32", "cpu": "x64" }, "sha512-J6juRSRjmSErEqJCv7nVIq2DgZ2NHXqyeV8NQTFSyIvrThKiWe7FDOO6oYpuR06+C1NW82aoN4qQt4/gYvz25w=="],

    "turbo-windows-arm64": ["turbo-windows-arm64@2.8.0", "", { "os": "win32", "cpu": "arm64" }, "sha512-qarBZvCu6uka35739TS+y/3CBU3zScrVAfohAkKHG+So+93Wn+5tKArs8HrO2fuTaGou8fMIeTV7V5NgzCVkSQ=="],

    "undici-types": ["undici-types@7.16.0", "", {}, "sha512-Zz+aZWSj8LE6zoxD+xrjh4VfkIG8Ya6LvYkZqtUQGJPZjYl53ypCaUwWqo7eI0x66KBGeRo+mlBEkMSeSZ38Nw=="],

    "universal-user-agent": ["universal-user-agent@7.0.3", "", {}, "sha512-TmnEAEAsBJVZM/AADELsK76llnwcf9vMKuPz8JflO1frO8Lchitr0fNaN9d+Ap0BjKtqWqd/J17qeDnXh8CL2A=="],

    "zod": ["zod@4.3.6", "", {}, "sha512-rftlrkhHZOcjDwkGlnUtZZkvaPHCsDATp4pGpuOOMDaTdDDXF91wuVDJoWoPsKX/3YPQ5fHuF3STjcYyKr+Qhg=="],

    "@octokit/plugin-paginate-rest/@octokit/types": ["@octokit/types@13.10.0", "", { "dependencies": { "@octokit/openapi-types": "^24.2.0" } }, "sha512-ifLaO34EbbPj0Xgro4G5lP5asESjwHracYJvVaPIyXMuiuXLlhic3S47cBdTb+jfODkTE5YtGCLt3Ay3+J97sA=="],

    "@octokit/plugin-rest-endpoint-methods/@octokit/types": ["@octokit/types@13.10.0", "", { "dependencies": { "@octokit/openapi-types": "^24.2.0" } }, "sha512-ifLaO34EbbPj0Xgro4G5lP5asESjwHracYJvVaPIyXMuiuXLlhic3S47cBdTb+jfODkTE5YtGCLt3Ay3+J97sA=="],

    "@opencode-ai/plugin/zod": ["zod@4.1.8", "", {}, "sha512-5R1P+WwQqmmMIEACyzSvo4JXHY5WiAFHRMg+zBZKgKS+Q1viRa0C1hmUKtHltoIFKtIdki3pRxkmpP74jnNYHQ=="],

    "bun-scan/zod": ["zod@4.3.5", "", {}, "sha512-k7Nwx6vuWx1IJ9Bjuf4Zt1PEllcwe7cls3VNzm4CQ1/hgtFUK2bRNG3rvnpPUhFjmqJKAKtjV576KnUkHocg/g=="],

    "@octokit/plugin-paginate-rest/@octokit/types/@octokit/openapi-types": ["@octokit/openapi-types@24.2.0", "", {}, "sha512-9sIH3nSUttelJSXUrmGzl7QUBFul0/mB8HRYl3fOlgHbIWG+WnYDXU3v/2zMtAvuzZ/ed00Ei6on975FhBfzrg=="],

    "@octokit/plugin-rest-endpoint-methods/@octokit/types/@octokit/openapi-types": ["@octokit/openapi-types@24.2.0", "", {}, "sha512-9sIH3nSUttelJSXUrmGzl7QUBFul0/mB8HRYl3fOlgHbIWG+WnYDXU3v/2zMtAvuzZ/ed00Ei6on975FhBfzrg=="],
  }
}
